// !$*UTF8*$!
{
	archiveVersion = 1;
	classes = {
	};
	objectVersion = 50;
	objects = {

/* Begin PBXBuildFile section */
		3FDC29FD23A1B622008CFD62 /* AppDelegate.swift in Sources */ = {isa = PBXBuildFile; fileRef = 3FDC29FC23A1B622008CFD62 /* AppDelegate.swift */; };
		3FDC29FF23A1B622008CFD62 /* ViewController.swift in Sources */ = {isa = PBXBuildFile; fileRef = 3FDC29FE23A1B622008CFD62 /* ViewController.swift */; };
		3FDC2A0223A1B622008CFD62 /* Main.storyboard in Resources */ = {isa = PBXBuildFile; fileRef = 3FDC2A0023A1B622008CFD62 /* Main.storyboard */; };
		3FDC2A0523A1B622008CFD62 /* BMIApp.xcdatamodeld in Sources */ = {isa = PBXBuildFile; fileRef = 3FDC2A0323A1B622008CFD62 /* BMIApp.xcdatamodeld */; };
		3FDC2A0723A1B623008CFD62 /* Assets.xcassets in Resources */ = {isa = PBXBuildFile; fileRef = 3FDC2A0623A1B623008CFD62 /* Assets.xcassets */; };
		3FDC2A0A23A1B623008CFD62 /* LaunchScreen.storyboard in Resources */ = {isa = PBXBuildFile; fileRef = 3FDC2A0823A1B623008CFD62 /* LaunchScreen.storyboard */; };
		3FDC2A1623A1DB36008CFD62 /* BmiProgressController.swift in Sources */ = {isa = PBXBuildFile; fileRef = 3FDC2A1523A1DB36008CFD62 /* BmiProgressController.swift */; };
/* End PBXBuildFile section */

/* Begin PBXFileReference section */
		3FDC29F923A1B622008CFD62 /* BMIApp.app */ = {isa = PBXFileReference; explicitFileType = wrapper.application; includeInIndex = 0; path = BMIApp.app; sourceTree = BUILT_PRODUCTS_DIR; };
		3FDC29FC23A1B622008CFD62 /* AppDelegate.swift */ = {isa = PBXFileReference; lastKnownFileType = sourcecode.swift; path = AppDelegate.swift; sourceTree = "<group>"; };
		3FDC29FE23A1B622008CFD62 /* ViewController.swift */ = {isa = PBXFileReference; lastKnownFileType = sourcecode.swift; path = ViewController.swift; sourceTree = "<group>"; };
		3FDC2A0123A1B622008CFD62 /* Base */ = {isa = PBXFileReference; lastKnownFileType = file.storyboard; name = Base; path = Base.lproj/Main.storyboard; sourceTree = "<group>"; };
		3FDC2A0423A1B622008CFD62 /* BMIApp.xcdatamodel */ = {isa = PBXFileReference; lastKnownFileType = wrapper.xcdatamodel; path = BMIApp.xcdatamodel; sourceTree = "<group>"; };
		3FDC2A0623A1B623008CFD62 /* Assets.xcassets */ = {isa = PBXFileReference; lastKnownFileType = folder.assetcatalog; path = Assets.xcassets; sourceTree = "<group>"; };
		3FDC2A0923A1B623008CFD62 /* Base */ = {isa = PBXFileReference; lastKnownFileType = file.storyboard; name = Base; path = Base.lproj/LaunchScreen.storyboard; sourceTree = "<group>"; };
		3FDC2A0B23A1B623008CFD62 /* Info.plist */ = {isa = PBXFileReference; lastKnownFileType = text.plist.xml; path = Info.plist; sourceTree = "<group>"; };
		3FDC2A1523A1DB36008CFD62 /* BmiProgressController.swift */ = {isa = PBXFileReference; lastKnownFileType = sourcecode.swift; path = BmiProgressController.swift; sourceTree = "<group>"; };
/* End PBXFileReference section */

/* Begin PBXFrameworksBuildPhase section */
		3FDC29F623A1B622008CFD62 /* Frameworks */ = {
			isa = PBXFrameworksBuildPhase;
			buildActionMask = 2147483647;
			files = (
			);
			runOnlyForDeploymentPostprocessing = 0;
		};
/* End PBXFrameworksBuildPhase section */

/* Begin PBXGroup section */
		3FDC29F023A1B622008CFD62 = {
			isa = PBXGroup;
			children = (
				3FDC29FB23A1B622008CFD62 /* BMIApp */,
				3FDC29FA23A1B622008CFD62 /* Products */,
			);
			sourceTree = "<group>";
		};
		3FDC29FA23A1B622008CFD62 /* Products */ = {
			isa = PBXGroup;
			children = (
				3FDC29F923A1B622008CFD62 /* BMIApp.app */,
			);
			name = Products;
			sourceTree = "<group>";
		};
		3FDC29FB23A1B622008CFD62 /* BMIApp */ = {
			isa = PBXGroup;
			children = (
				3FDC29FC23A1B622008CFD62 /* AppDelegate.swift */,
				3FDC29FE23A1B622008CFD62 /* ViewController.swift */,
				3FDC2A1523A1DB36008CFD62 /* BmiProgressController.swift */,
				3FDC2A0023A1B622008CFD62 /* Main.storyboard */,
				3FDC2A0623A1B623008CFD62 /* Assets.xcassets */,
				3FDC2A0823A1B623008CFD62 /* LaunchScreen.storyboard */,
				3FDC2A0B23A1B623008CFD62 /* Info.plist */,
				3FDC2A0323A1B622008CFD62 /* BMIApp.xcdatamodeld */,
			);
			path = BMIApp;
			sourceTree = "<group>";
		};
/* End PBXGroup section */

/* Begin PBXNativeTarget section */
		3FDC29F823A1B622008CFD62 /* BMIApp */ = {
			isa = PBXNativeTarget;
			buildConfigurationList = 3FDC2A0E23A1B623008CFD62 /* Build configuration list for PBXNativeTarget "BMIApp" */;
			buildPhases = (
				3FDC29F523A1B622008CFD62 /* Sources */,
				3FDC29F623A1B622008CFD62 /* Frameworks */,
				3FDC29F723A1B622008CFD62 /* Resources */,
			);
			buildRules = (
			);
			dependencies = (
			);
			name = BMIApp;
			productName = BMIApp;
			productReference = 3FDC29F923A1B622008CFD62 /* BMIApp.app */;
			productType = "com.apple.product-type.application";
		};
/* End PBXNativeTarget section */

/* Begin PBXProject section */
		3FDC29F123A1B622008CFD62 /* Project object */ = {
			isa = PBXProject;
			attributes = {
				LastSwiftUpdateCheck = 1030;
				LastUpgradeCheck = 1030;
				ORGANIZATIONNAME = CentennialCollege;
				TargetAttributes = {
					3FDC29F823A1B622008CFD62 = {
						CreatedOnToolsVersion = 10.3;
					};
				};
			};
			buildConfigurationList = 3FDC29F423A1B622008CFD62 /* Build configuration list for PBXProject "BMIApp" */;
			compatibilityVersion = "Xcode 9.3";
			developmentRegion = en;
			hasScannedForEncodings = 0;
			knownRegions = (
				en,
				Base,
			);
			mainGroup = 3FDC29F023A1B622008CFD62;
			productRefGroup = 3FDC29FA23A1B622008CFD62 /* Products */;
			projectDirPath = "";
			projectRoot = "";
			targets = (
				3FDC29F823A1B622008CFD62 /* BMIApp */,
			);
		};
/* End PBXProject section */

/* Begin PBXResourcesBuildPhase section */
		3FDC29F723A1B622008CFD62 /* Resources */ = {
			isa = PBXResourcesBuildPhase;
			buildActionMask = 2147483647;
			files = (
				3FDC2A0A23A1B623008CFD62 /* LaunchScreen.storyboard in Resources */,
				3FDC2A0723A1B623008CFD62 /* Assets.xcassets in Resources */,
				3FDC2A0223A1B622008CFD62 /* Main.storyboard in Resources */,
			);
			runOnlyForDeploymentPostprocessing = 0;
		};
/* End PBXResourcesBuildPhase section */

/* Begin PBXSourcesBuildPhase section */
		3FDC29F523A1B622008CFD62 /* Sources */ = {
			isa = PBXSourcesBuildPhase;
			buildActionMask = 2147483647;
			files = (
				3FDC29FF23A1B622008CFD62 /* ViewController.swift in Sources */,
				3FDC2A0523A1B622008CFD62 /* BMIApp.xcdatamodeld in Sources */,
				3FDC29FD23A1B622008CFD62 /* AppDelegate.swift in Sources */,
				3FDC2A1623A1DB36008CFD62 /* BmiProgressController.swift in Sources */,
			);
			runOnlyForDeploymentPostprocessing = 0;
		};
/* End PBXSourcesBuildPhase section */

/* Begin PBXVariantGroup section */
		3FDC2A0023A1B622008CFD62 /* Main.storyboard */ = {
			isa = PBXVariantGroup;
			children = (
				3FDC2A0123A1B622008CFD62 /* Base */,
			);
			name = Main.storyboard;
			sourceTree = "<group>";
		};
		3FDC2A0823A1B623008CFD62 /* LaunchScreen.storyboard */ = {
			isa = PBXVariantGroup;
			children = (
				3FDC2A0923A1B623008CFD62 /* Base */,
			);
			name = LaunchScreen.storyboard;
			sourceTree = "<group>";
		};
/* End PBXVariantGroup section */

/* Begin XCBuildConfiguration section */
		3FDC2A0C23A1B623008CFD62 /* Debug */ = {
			isa = XCBuildConfiguration;
			buildSettings = {
				ALWAYS_SEARCH_USER_PATHS = NO;
				CLANG_ANALYZER_NONNULL = YES;
				CLANG_ANALYZER_NUMBER_OBJECT_CONVERSION = YES_AGGRESSIVE;
				CLANG_CXX_LANGUAGE_STANDARD = "gnu++14";
				CLANG_CXX_LIBRARY = "libc++";
				CLANG_ENABLE_MODULES = YES;
				CLANG_ENABLE_OBJC_ARC = YES;
				CLANG_ENABLE_OBJC_WEAK = YES;
				CLANG_WARN_BLOCK_CAPTURE_AUTORELEASING = YES;
				CLANG_WARN_BOOL_CONVERSION = YES;
				CLANG_WARN_COMMA = YES;
				CLANG_WARN_CONSTANT_CONVERSION = YES;
				CLANG_WARN_DEPRECATED_OBJC_IMPLEMENTATIONS = YES;
				CLANG_WARN_DIRECT_OBJC_ISA_USAGE = YES_ERROR;
				CLANG_WARN_DOCUMENTATION_COMMENTS = YES;
				CLANG_WARN_EMPTY_BODY = YES;
				CLANG_WARN_ENUM_CONVERSION = YES;
				CLANG_WARN_INFINITE_RECURSION = YES;
				CLANG_WARN_INT_CONVERSION = YES;
				CLANG_WARN_NON_LITERAL_NULL_CONVERSION = YES;
				CLANG_WARN_OBJC_IMPLICIT_RETAIN_SELF = YES;
				CLANG_WARN_OBJC_LITERAL_CONVERSION = YES;
				CLANG_WARN_OBJC_ROOT_CLASS = YES_ERROR;
				CLANG_WARN_RANGE_LOOP_ANALYSIS = YES;
				CLANG_WARN_STRICT_PROTOTYPES = YES;
				CLANG_WARN_SUSPICIOUS_MOVE = YES;
				CLANG_WARN_UNGUARDED_AVAILABILITY = YES_AGGRESSIVE;
				CLANG_WARN_UNREACHABLE_CODE = YES;
				CLANG_WARN__DUPLICATE_METHOD_MATCH = YES;
				CODE_SIGN_IDENTITY = "iPhone Developer";
				COPY_PHASE_STRIP = NO;
				DEBUG_INFORMATION_FORMAT = dwarf;
				ENABLE_STRICT_OBJC_MSGSEND = YES;
				ENABLE_TESTABILITY = YES;
				GCC_C_LANGUAGE_STANDARD = gnu11;
				GCC_DYNAMIC_NO_PIC = NO;
				GCC_NO_COMMON_BLOCKS = YES;
				GCC_OPTIMIZATION_LEVEL = 0;
				GCC_PREPROCESSOR_DEFINITIONS = (
					"DEBUG=1",
					"$(inherited)",
				);
				GCC_WARN_64_TO_32_BIT_CONVERSION = YES;
				GCC_WARN_ABOUT_RETURN_TYPE = YES_ERROR;
				GCC_WARN_UNDECLARED_SELECTOR = YES;
				GCC_WARN_UNINITIALIZED_AUTOS = YES_AGGRESSIVE;
				GCC_WARN_UNUSED_FUNCTION = YES;
				GCC_WARN_UNUSED_VARIABLE = YES;
				IPHONEOS_DEPLOYMENT_TARGET = 12.4;
				MTL_ENABLE_DEBUG_INFO = INCLUDE_SOURCE;
				MTL_FAST_MATH = YES;
				ONLY_ACTIVE_ARCH = YES;
				SDKROOT = iphoneos;
				SWIFT_ACTIVE_COMPILATION_CONDITIONS = DEBUG;
				SWIFT_OPTIMIZATION_LEVEL = "-Onone";
			};
			name = Debug;
		};
		3FDC2A0D23A1B623008CFD62 /* Release */ = {
			isa = XCBuildConfiguration;
			buildSettings = {
				ALWAYS_SEARCH_USER_PATHS = NO;
				CLANG_ANALYZER_NONNULL = YES;
				CLANG_ANALYZER_NUMBER_OBJECT_CONVERSION = YES_AGGRESSIVE;
				CLANG_CXX_LANGUAGE_STANDARD = "gnu++14";
				CLANG_CXX_LIBRARY = "libc++";
				CLANG_ENABLE_MODULES = YES;
				CLANG_ENABLE_OBJC_ARC = YES;
				CLANG_ENABLE_OBJC_WEAK = YES;
				CLANG_WARN_BLOCK_CAPTURE_AUTORELEASING = YES;
				CLANG_WARN_BOOL_CONVERSION = YES;
				CLANG_WARN_COMMA = YES;
				CLANG_WARN_CONSTANT_CONVERSION = YES;
				CLANG_WARN_DEPRECATED_OBJC_IMPLEMENTATIONS = YES;
				CLANG_WARN_DIRECT_OBJC_ISA_USAGE = YES_ERROR;
				CLANG_WARN_DOCUMENTATION_COMMENTS = YES;
				CLANG_WARN_EMPTY_BODY = YES;
				CLANG_WARN_ENUM_CONVERSION = YES;
				CLANG_WARN_INFINITE_RECURSION = YES;
				CLANG_WARN_INT_CONVERSION = YES;
				CLANG_WARN_NON_LITERAL_NULL_CONVERSION = YES;
				CLANG_WARN_OBJC_IMPLICIT_RETAIN_SELF = YES;
				CLANG_WARN_OBJC_LITERAL_CONVERSION = YES;
				CLANG_WARN_OBJC_ROOT_CLASS = YES_ERROR;
				CLANG_WARN_RANGE_LOOP_ANALYSIS = YES;
				CLANG_WARN_STRICT_PROTOTYPES = YES;
				CLANG_WARN_SUSPICIOUS_MOVE = YES;
				CLANG_WARN_UNGUARDED_AVAILABILITY = YES_AGGRESSIVE;
				CLANG_WARN_UNREACHABLE_CODE = YES;
				CLANG_WARN__DUPLICATE_METHOD_MATCH = YES;
				CODE_SIGN_IDENTITY = "iPhone Developer";
				COPY_PHASE_STRIP = NO;
				DEBUG_INFORMATION_FORMAT = "dwarf-with-dsym";
				ENABLE_NS_ASSERTIONS = NO;
				ENABLE_STRICT_OBJC_MSGSEND = YES;
				GCC_C_LANGUAGE_STANDARD = gnu11;
				GCC_NO_COMMON_BLOCKS = YES;
				GCC_WARN_64_TO_32_BIT_CONVERSION = YES;
				GCC_WARN_ABOUT_RETURN_TYPE = YES_ERROR;
				GCC_WARN_UNDECLARED_SELECTOR = YES;
				GCC_WARN_UNINITIALIZED_AUTOS = YES_AGGRESSIVE;
				GCC_WARN_UNUSED_FUNCTION = YES;
				GCC_WARN_UNUSED_VARIABLE = YES;
				IPHONEOS_DEPLOYMENT_TARGET = 12.4;
				MTL_ENABLE_DEBUG_INFO = NO;
				MTL_FAST_MATH = YES;
				SDKROOT = iphoneos;
				SWIFT_COMPILATION_MODE = wholemodule;
				SWIFT_OPTIMIZATION_LEVEL = "-O";
				VALIDATE_PRODUCT = YES;
			};
			name = Release;
		};
		3FDC2A0F23A1B623008CFD62 /* Debug */ = {
			isa = XCBuildConfiguration;
			buildSettings = {
				ASSETCATALOG_COMPILER_APPICON_NAME = AppIcon;
				CODE_SIGN_STYLE = Automatic;
				DEVELOPMENT_TEAM = 2BULHRS882;
				INFOPLIST_FILE = BMIApp/Info.plist;
				LD_RUNPATH_SEARCH_PATHS = (
					"$(inherited)",
					"@executable_path/Frameworks",
				);
				PRODUCT_BUNDLE_IDENTIFIER = ca.centennialcollege.BMIApp;
				PRODUCT_NAME = "$(TARGET_NAME)";
				SWIFT_VERSION = 5.0;
				TARGETED_DEVICE_FAMILY = "1,2";
			};
			name = Debug;
		};
		3FDC2A1023A1B623008CFD62 /* Release */ = {
			isa = XCBuildConfiguration;
			buildSettings = {
				ASSETCATALOG_COMPILER_APPICON_NAME = AppIcon;
				CODE_SIGN_STYLE = Automatic;
				DEVELOPMENT_TEAM = 2BULHRS882;
				INFOPLIST_FILE = BMIApp/Info.plist;
				LD_RUNPATH_SEARCH_PATHS = (
					"$(inherited)",
					"@executable_path/Frameworks",
				);
				PRODUCT_BUNDLE_IDENTIFIER = ca.centennialcollege.BMIApp;
				PRODUCT_NAME = "$(TARGET_NAME)";
				SWIFT_VERSION = 5.0;
				TARGETED_DEVICE_FAMILY = "1,2";
			};
			name = Release;
		};
/* End XCBuildConfiguration section */

/* Begin XCConfigurationList section */
		3FDC29F423A1B622008CFD62 /* Build configuration list for PBXProject "BMIApp" */ = {
			isa = XCConfigurationList;
			buildConfigurations = (
				3FDC2A0C23A1B623008CFD62 /* Debug */,
				3FDC2A0D23A1B623008CFD62 /* Release */,
			);
			defaultConfigurationIsVisible = 0;
			defaultConfigurationName = Release;
		};
		3FDC2A0E23A1B623008CFD62 /* Build configuration list for PBXNativeTarget "BMIApp" */ = {
			isa = XCConfigurationList;
			buildConfigurations = (
				3FDC2A0F23A1B623008CFD62 /* Debug */,
				3FDC2A1023A1B623008CFD62 /* Release */,
			);
			defaultConfigurationIsVisible = 0;
			defaultConfigurationName = Release;
		};
/* End XCConfigurationList section */

/* Begin XCVersionGroup section */
		3FDC2A0323A1B622008CFD62 /* BMIApp.xcdatamodeld */ = {
			isa = XCVersionGroup;
			children = (
				3FDC2A0423A1B622008CFD62 /* BMIApp.xcdatamodel */,
			);
			currentVersion = 3FDC2A0423A1B622008CFD62 /* BMIApp.xcdatamodel */;
			path = BMIApp.xcdatamodeld;
			sourceTree = "<group>";
			versionGroupType = wrapper.xcdatamodel;
		};
/* End XCVersionGroup section */
	};
	rootObject = 3FDC29F123A1B622008CFD62 /* Project object */;
}
